
Microsoft Visual Studio Solution File, Format Version 12.00
# Visual Studio 2012
Project("{FAE04EC0-301F-11D3-BF4B-00C04F79EFBC}") = "LAB 7 Display customer incidents", "LAB 7 Display customer incidents\LAB 7 Display customer incidents.csproj", "{BBD9EE01-0306-4CAA-9F94-3B2AD6F1679E}"
EndProject
Global
	GlobalSection(SolutionConfigurationPlatforms) = preSolution
		Debug|Any CPU = Debug|Any CPU
		Release|Any CPU = Release|Any CPU
	EndGlobalSection
	GlobalSection(ProjectConfigurationPlatforms) = postSolution
		{BBD9EE01-0306-4CAA-9F94-3B2AD6F1679E}.Debug|Any CPU.ActiveCfg = Debug|Any CPU
		{BBD9EE01-0306-4CAA-9F94-3B2AD6F1679E}.Debug|Any CPU.Build.0 = Debug|Any CPU
		{BBD9EE01-0306-4CAA-9F94-3B2AD6F1679E}.Release|Any CPU.ActiveCfg = Release|Any CPU
		{BBD9EE01-0306-4CAA-9F94-3B2AD6F1679E}.Release|Any CPU.Build.0 = Release|Any CPU
	EndGlobalSection
	GlobalSection(SolutionProperties) = preSolution
		HideSolutionNode = FALSE
	EndGlobalSection
EndGlobal
